<?xml version="1.0" encoding="utf-8"?>
<Project ToolsVersion="4.0" xmlns="http://schemas.microsoft.com/developer/msbuild/2003">
  <ItemGroup>
    <Filter Include="Header Files">
      <UniqueIdentifier>{93995380-89BD-4b04-88EB-625FBE52EBFB}</UniqueIdentifier>
      <Extensions>h;hpp;hxx;hm;inl;inc;xsd</Extensions>
    </Filter>
    <Filter Include="Resource Files">
      <UniqueIdentifier>{67DA6AB6-F800-4c08-8B7A-83BB121AAD01}</UniqueIdentifier>
      <Extensions>rc;ico;cur;bmp;dlg;rc2;rct;bin;rgs;gif;jpg;jpeg;jpe;resx;tiff;tif;png;wav;mfcribbon-ms</Extensions>
    </Filter>
    <Filter Include="Source Files">
      <UniqueIdentifier>{4FC737F1-C7A5-4376-A066-2A32D752A2FF}</UniqueIdentifier>
      <Extensions>cpp;c;cc;cxx;def;odl;idl;hpj;bat;asm;asmx</Extensions>
    </Filter>
    <Filter Include="Source Files\tests">
      <UniqueIdentifier>{394e5644-27de-420b-ba21-b5aad6fdd483}</UniqueIdentifier>
    </Filter>
  </ItemGroup>
  <ItemGroup>
    <ClCompile Include="..\..\src\io.c">
      <Filter>Source Files</Filter>
    </ClCompile>
    <ClCompile Include="..\..\src\lexer.c">
      <Filter>Source Files</Filter>
    </ClCompile>
    <ClCompile Include="..\..\src\list.c">
      <Filter>Source Files</Filter>
    </ClCompile>
    <ClCompile Include="..\..\src\reader.c">
      <Filter>Source Files</Filter>
    </ClCompile>
    <ClCompile Include="..\..\src\writer.c">
      <Filter>Source Files</Filter>
    </ClCompile>
    <ClCompile Include="..\..\src\get_error_desc.c">
      <Filter>Source Files</Filter>
    </ClCompile>
    <ClCompile Include="..\..\src\attrib.c">
      <Filter>Source Files</Filter>
    </ClCompile>
    <ClCompile Include="..\..\src\query.c">
      <Filter>Source Files</Filter>
    </ClCompile>
    <ClCompile Include="..\..\src\node.c">
      <Filter>Source Files</Filter>
    </ClCompile>
    <ClCompile Include="..\..\src\tests\tests.c">
      <Filter>Source Files\tests</Filter>
    </ClCompile>
    <ClCompile Include="..\..\src\tests\parseerror.c">
      <Filter>Source Files\tests</Filter>
    </ClCompile>
    <ClCompile Include="..\..\src\tests\gen_huge.c">
      <Filter>Source Files\tests</Filter>
    </ClCompile>
    <ClCompile Include="..\..\src\tests\parse_huge.c">
      <Filter>Source Files\tests</Filter>
    </ClCompile>
    <ClCompile Include="..\..\src\tests\queries1.c">
      <Filter>Source Files\tests</Filter>
    </ClCompile>
    <ClCompile Include="..\..\src\node_children.c">
      <Filter>Source Files</Filter>
    </ClCompile>
  </ItemGroup>
  <ItemGroup>
    <ClInclude Include="..\..\include\confix2.h">
      <Filter>Header Files</Filter>
    </ClInclude>
    <ClInclude Include="..\..\src\io.h">
      <Filter>Source Files</Filter>
    </ClInclude>
    <ClInclude Include="..\..\src\lexer.h">
      <Filter>Source Files</Filter>
    </ClInclude>
    <ClInclude Include="..\..\src\list.h">
      <Filter>Source Files</Filter>
    </ClInclude>
    <ClInclude Include="..\..\src\attrib.h">
      <Filter>Source Files</Filter>
    </ClInclude>
    <ClInclude Include="..\..\src\tests\tests.h">
      <Filter>Source Files\tests</Filter>
    </ClInclude>
    <ClInclude Include="..\..\src\tests\huge.h">
      <Filter>Source Files\tests</Filter>
    </ClInclude>
    <ClInclude Include="..\..\src\tests\usertable.h">
      <Filter>Source Files\tests</Filter>
    </ClInclude>
    <ClInclude Include="..\..\src\config.h">
      <Filter>Source Files</Filter>
    </ClInclude>
    <ClInclude Include="..\..\src\node.h">
      <Filter>Source Files</Filter>
    </ClInclude>
  </ItemGroup>
</Project>